
Microsoft Visual Studio Solution File, Format Version 12.00
# Visual Studio Version 17
VisualStudioVersion = 17.13.35825.156 d17.13
MinimumVisualStudioVersion = 10.0.40219.1
Project("{FAE04EC0-301F-11D3-BF4B-00C04F79EFBC}") = "Server.Api", "Server.Api\Server.Api.csproj", "{E14B3BA8-7CF3-4441-BC24-013180278621}"
EndProject
Project("{FAE04EC0-301F-11D3-BF4B-00C04F79EFBC}") = "Server.Core", "Server.Core\Server.Core.csproj", "{03DAD9E5-2A6C-4B93-815C-92344FABFAD7}"
EndProject
Project("{FAE04EC0-301F-11D3-BF4B-00C04F79EFBC}") = "Server.Data", "Server.Data\Server.Data.csproj", "{E29E217A-DB77-45E6-A440-E113796EA767}"
EndProject
Project("{FAE04EC0-301F-11D3-BF4B-00C04F79EFBC}") = "Server.Service", "Server.Service\Server.Service.csproj", "{04E28591-655A-4D0B-BB99-768F69C3B20D}"
EndProject
Global
	GlobalSection(SolutionConfigurationPlatforms) = preSolution
		Debug|Any CPU = Debug|Any CPU
		Release|Any CPU = Release|Any CPU
	EndGlobalSection
	GlobalSection(ProjectConfigurationPlatforms) = postSolution
		{E14B3BA8-7CF3-4441-BC24-013180278621}.Debug|Any CPU.ActiveCfg = Debug|Any CPU
		{E14B3BA8-7CF3-4441-BC24-013180278621}.Debug|Any CPU.Build.0 = Debug|Any CPU
		{E14B3BA8-7CF3-4441-BC24-013180278621}.Release|Any CPU.ActiveCfg = Release|Any CPU
		{E14B3BA8-7CF3-4441-BC24-013180278621}.Release|Any CPU.Build.0 = Release|Any CPU
		{03DAD9E5-2A6C-4B93-815C-92344FABFAD7}.Debug|Any CPU.ActiveCfg = Debug|Any CPU
		{03DAD9E5-2A6C-4B93-815C-92344FABFAD7}.Debug|Any CPU.Build.0 = Debug|Any CPU
		{03DAD9E5-2A6C-4B93-815C-92344FABFAD7}.Release|Any CPU.ActiveCfg = Release|Any CPU
		{03DAD9E5-2A6C-4B93-815C-92344FABFAD7}.Release|Any CPU.Build.0 = Release|Any CPU
		{E29E217A-DB77-45E6-A440-E113796EA767}.Debug|Any CPU.ActiveCfg = Debug|Any CPU
		{E29E217A-DB77-45E6-A440-E113796EA767}.Debug|Any CPU.Build.0 = Debug|Any CPU
		{E29E217A-DB77-45E6-A440-E113796EA767}.Release|Any CPU.ActiveCfg = Release|Any CPU
		{E29E217A-DB77-45E6-A440-E113796EA767}.Release|Any CPU.Build.0 = Release|Any CPU
		{04E28591-655A-4D0B-BB99-768F69C3B20D}.Debug|Any CPU.ActiveCfg = Debug|Any CPU
		{04E28591-655A-4D0B-BB99-768F69C3B20D}.Debug|Any CPU.Build.0 = Debug|Any CPU
		{04E28591-655A-4D0B-BB99-768F69C3B20D}.Release|Any CPU.ActiveCfg = Release|Any CPU
		{04E28591-655A-4D0B-BB99-768F69C3B20D}.Release|Any CPU.Build.0 = Release|Any CPU
	EndGlobalSection
	GlobalSection(SolutionProperties) = preSolution
		HideSolutionNode = FALSE
	EndGlobalSection
	GlobalSection(ExtensibilityGlobals) = postSolution
		SolutionGuid = {C96F8553-4B29-4202-9C65-2F0F3D2C6491}
	EndGlobalSection
EndGlobal
